# @generated - this file is auto-generated by `mise lock` https://mise.jdx.dev/dev-tools/mise-lock.html

[[tools.gitleaks]]
version = "8.30.1"
backend = "aqua:gitleaks/gitleaks"

[tools.gitleaks."platforms.linux-arm64"]
checksum = "sha256:e4a487ee7ccd7d3a7f7ec08657610aa3606637dab924210b3aee62570fb4b080"
url = "https://github.com/gitleaks/gitleaks/releases/download/v8.30.1/gitleaks_8.30.1_linux_arm64.tar.gz"
url_api = "https://api.github.com/repos/gitleaks/gitleaks/releases/assets/378332057"

[tools.gitleaks."platforms.linux-arm64-musl"]
checksum = "sha256:e4a487ee7ccd7d3a7f7ec08657610aa3606637dab924210b3aee62570fb4b080"
url = "https://github.com/gitleaks/gitleaks/releases/download/v8.30.1/gitleaks_8.30.1_linux_arm64.tar.gz"
url_api = "https://api.github.com/repos/gitleaks/gitleaks/releases/assets/378332057"

[tools.gitleaks."platforms.linux-x64"]
checksum = "sha256:551f6fc83ea457d62a0d98237cbad105af8d557003051f41f3e7ca7b3f2470eb"
url = "https://github.com/gitleaks/gitleaks/releases/download/v8.30.1/gitleaks_8.30.1_linux_x64.tar.gz"
url_api = "https://api.github.com/repos/gitleaks/gitleaks/releases/assets/378332058"

[tools.gitleaks."platforms.linux-x64-musl"]
checksum = "sha256:551f6fc83ea457d62a0d98237cbad105af8d557003051f41f3e7ca7b3f2470eb"
url = "https://github.com/gitleaks/gitleaks/releases/download/v8.30.1/gitleaks_8.30.1_linux_x64.tar.gz"
url_api = "https://api.github.com/repos/gitleaks/gitleaks/releases/assets/378332058"

[tools.gitleaks."platforms.macos-arm64"]
checksum = "sha256:b40ab0ae55c505963e365f271a8d3846efbc170aa17f2607f13df610a9aeb6a5"
url = "https://github.com/gitleaks/gitleaks/releases/download/v8.30.1/gitleaks_8.30.1_darwin_arm64.tar.gz"
url_api = "https://api.github.com/repos/gitleaks/gitleaks/releases/assets/378332059"

[tools.gitleaks."platforms.macos-x64"]
checksum = "sha256:dfe101a4db2255fc85120ac7f3d25e4342c3c20cf749f2c20a18081af1952709"
url = "https://github.com/gitleaks/gitleaks/releases/download/v8.30.1/gitleaks_8.30.1_darwin_x64.tar.gz"
url_api = "https://api.github.com/repos/gitleaks/gitleaks/releases/assets/378332053"

[tools.gitleaks."platforms.windows-x64"]
checksum = "sha256:d29144deff3a68aa93ced33dddf84b7fdc26070add4aa0f4513094c8332afc4e"
url = "https://github.com/gitleaks/gitleaks/releases/download/v8.30.1/gitleaks_8.30.1_windows_x64.zip"
url_api = "https://api.github.com/repos/gitleaks/gitleaks/releases/assets/378333178"

[[tools.prek]]
version = "0.5.0"
backend = "aqua:j178/prek"

[tools.prek."platforms.linux-arm64"]
checksum = "sha256:6a48bc5de0b134e1ecbd469714bdf88fc83b7895529d59f95303e839241473c2"
url = "https://github.com/j178/prek/releases/download/v0.5.0/prek-aarch64-unknown-linux-musl.tar.gz"
url_api = "https://api.github.com/repos/j178/prek/releases/assets/531708946"
provenance = "github-attestations"

[tools.prek."platforms.linux-arm64-musl"]
checksum = "sha256:6a48bc5de0b134e1ecbd469714bdf88fc83b7895529d59f95303e839241473c2"
url = "https://github.com/j178/prek/releases/download/v0.5.0/prek-aarch64-unknown-linux-musl.tar.gz"
url_api = "https://api.github.com/repos/j178/prek/releases/assets/531708946"
provenance = "github-attestations"

[tools.prek."platforms.linux-x64"]
checksum = "sha256:99531890378759c04d38a93804d502d7df8a5c4bfb24c3e98af3031e868b9ba1"
url = "https://github.com/j178/prek/releases/download/v0.5.0/prek-x86_64-unknown-linux-musl.tar.gz"
url_api = "https://api.github.com/repos/j178/prek/releases/assets/531709001"
provenance = "github-attestations"

[tools.prek."platforms.linux-x64-musl"]
checksum = "sha256:99531890378759c04d38a93804d502d7df8a5c4bfb24c3e98af3031e868b9ba1"
url = "https://github.com/j178/prek/releases/download/v0.5.0/prek-x86_64-unknown-linux-musl.tar.gz"
url_api = "https://api.github.com/repos/j178/prek/releases/assets/531709001"
provenance = "github-attestations"

[tools.prek."platforms.macos-arm64"]
checksum = "sha256:73947efd142420dc1ad2856d155385b3fd54b88ba8bb769187dc8b359cc94681"
url = "https://github.com/j178/prek/releases/download/v0.5.0/prek-aarch64-apple-darwin.tar.gz"
url_api = "https://api.github.com/repos/j178/prek/releases/assets/531708937"
provenance = "github-attestations"

[tools.prek."platforms.macos-x64"]
checksum = "sha256:da5cdb10ca7821ed15c888d2a9b2ae94a6d4f7eadf1bc735ac1f668dec40654e"
url = "https://github.com/j178/prek/releases/download/v0.5.0/prek-x86_64-apple-darwin.tar.gz"
url_api = "https://api.github.com/repos/j178/prek/releases/assets/531708989"
provenance = "github-attestations"

[tools.prek."platforms.windows-x64"]
checksum = "sha256:3b1704f9c44d2a5f29af84c18dc5529c2cefab75697bdfdf69074cced1c0533b"
url = "https://github.com/j178/prek/releases/download/v0.5.0/prek-x86_64-pc-windows-msvc.zip"
url_api = "https://api.github.com/repos/j178/prek/releases/assets/531708991"
provenance = "github-attestations"

[[tools.python]]
version = "3.14.6"
backend = "core:python"

[tools.python."platforms.linux-arm64"]
checksum = "sha256:8ad1ec529cd1708245e8661a463245fc1479c43cbfd66e58b095456ebf77180a"
url = "https://github.com/astral-sh/python-build-standalone/releases/download/20260804/cpython-3.14.6+20260804-aarch64-unknown-linux-gnu-install_only_stripped.tar.gz"
provenance = "github-attestations"

[tools.python."platforms.linux-arm64-musl"]
checksum = "sha256:85dbb537dc5d6679edabfb61cefdf2511d26cb8669662c4563202b0990e79b4a"
url = "https://github.com/astral-sh/python-build-standalone/releases/download/20260804/cpython-3.14.6+20260804-aarch64-unknown-linux-musl-install_only_stripped.tar.gz"
provenance = "github-attestations"

[tools.python."platforms.linux-x64"]
checksum = "sha256:ba960817e542642021135db330d875f410f4e14c64a62e2ae5faf3697ada08b2"
url = "https://github.com/astral-sh/python-build-standalone/releases/download/20260804/cpython-3.14.6+20260804-x86_64-unknown-linux-gnu-install_only_stripped.tar.gz"
provenance = "github-attestations"

[tools.python."platforms.linux-x64-musl"]
checksum = "sha256:cbedbddcc6b2de99310015e629df67aeb732f622bbf258ec5d310757f85ab7ac"
url = "https://github.com/astral-sh/python-build-standalone/releases/download/20260804/cpython-3.14.6+20260804-x86_64-unknown-linux-musl-install_only_stripped.tar.gz"
provenance = "github-attestations"

[tools.python."platforms.macos-arm64"]
checksum = "sha256:e0d4e5066aef3248c22e08a07546bfd5edeaca904c91fadc296be720998ec2ec"
url = "https://github.com/astral-sh/python-build-standalone/releases/download/20260804/cpython-3.14.6+20260804-aarch64-apple-darwin-install_only_stripped.tar.gz"
provenance = "github-attestations"

[tools.python."platforms.macos-x64"]
checksum = "sha256:78ded4c4f0b6a931240f09bd20608533bb40dd71c1ff953c7267359075ca8b16"
url = "https://github.com/astral-sh/python-build-standalone/releases/download/20260804/cpython-3.14.6+20260804-x86_64-apple-darwin-install_only_stripped.tar.gz"
provenance = "github-attestations"

[tools.python."platforms.windows-x64"]
checksum = "sha256:ada613a2af32c04cf7c54726243c56d76f0e59f5f61d2f28371d3b9d8efad566"
url = "https://github.com/astral-sh/python-build-standalone/releases/download/20260804/cpython-3.14.6+20260804-x86_64-pc-windows-msvc-install_only_stripped.tar.gz"
provenance = "github-attestations"

[[tools.ruff]]
version = "0.15.18"
backend = "aqua:astral-sh/ruff"

[tools.ruff."platforms.linux-arm64"]
checksum = "sha256:941eb7a7b8bc11f195a08393bb45def1656003031cff89af3805ca89cfd066b4"
url = "https://github.com/astral-sh/ruff/releases/download/0.15.18/ruff-aarch64-unknown-linux-musl.tar.gz"
url_api = "https://api.github.com/repos/astral-sh/ruff/releases/assets/451472159"
provenance = "github-attestations"

[tools.ruff."platforms.linux-arm64-musl"]
checksum = "sha256:941eb7a7b8bc11f195a08393bb45def1656003031cff89af3805ca89cfd066b4"
url = "https://github.com/astral-sh/ruff/releases/download/0.15.18/ruff-aarch64-unknown-linux-musl.tar.gz"
url_api = "https://api.github.com/repos/astral-sh/ruff/releases/assets/451472159"
provenance = "github-attestations"

[tools.ruff."platforms.linux-x64"]
checksum = "sha256:9ca54aec52cfdbe1e708cc975e41e3e736a2c1ebe76668575efe09e0701465c8"
url = "https://github.com/astral-sh/ruff/releases/download/0.15.18/ruff-x86_64-unknown-linux-musl.tar.gz"
url_api = "https://api.github.com/repos/astral-sh/ruff/releases/assets/451472257"
provenance = "github-attestations"

[tools.ruff."platforms.linux-x64-musl"]
checksum = "sha256:9ca54aec52cfdbe1e708cc975e41e3e736a2c1ebe76668575efe09e0701465c8"
url = "https://github.com/astral-sh/ruff/releases/download/0.15.18/ruff-x86_64-unknown-linux-musl.tar.gz"
url_api = "https://api.github.com/repos/astral-sh/ruff/releases/assets/451472257"
provenance = "github-attestations"

[tools.ruff."platforms.macos-arm64"]
checksum = "sha256:f0cc66c2df37f2a11c99a85b59b8fde21b37f61df062404a0afaed387b56dad0"
url = "https://github.com/astral-sh/ruff/releases/download/0.15.18/ruff-aarch64-apple-darwin.tar.gz"
url_api = "https://api.github.com/repos/astral-sh/ruff/releases/assets/451472143"
provenance = "github-attestations"

[tools.ruff."platforms.macos-x64"]
checksum = "sha256:229d2c192718fde76794185ab9339515b75a55cc1337e4ca9d60309e2c506900"
url = "https://github.com/astral-sh/ruff/releases/download/0.15.18/ruff-x86_64-apple-darwin.tar.gz"
url_api = "https://api.github.com/repos/astral-sh/ruff/releases/assets/451472244"
provenance = "github-attestations"

[tools.ruff."platforms.windows-x64"]
checksum = "sha256:2c38db5fef5984c93db7bdc395c20c5c3470fafdd8deb72150db4d2da7870d07"
url = "https://github.com/astral-sh/ruff/releases/download/0.15.18/ruff-x86_64-pc-windows-msvc.zip"
url_api = "https://api.github.com/repos/astral-sh/ruff/releases/assets/451472249"
provenance = "github-attestations"
